
Microsoft Visual Studio Solution File, Format Version 12.00
# Visual Studio Version 16
VisualStudioVersion = 16.0.31624.102
MinimumVisualStudioVersion = 10.0.40219.1
Project("{9A19103F-16F7-4668-BE54-9A1E7A4F7556}") = "Format", "Format.csproj", "{BEE1E169-555F-495F-97BE-40C47CFC0456}"
EndProject
Global
	GlobalSection(SolutionConfigurationPlatforms) = preSolution
		Debug|Any CPU = Debug|Any CPU
		Release|Any CPU = Release|Any CPU
	EndGlobalSection
	GlobalSection(ProjectConfigurationPlatforms) = postSolution
		{BEE1E169-555F-495F-97BE-40C47CFC0456}.Debug|Any CPU.ActiveCfg = Debug|Any CPU
		{BEE1E169-555F-495F-97BE-40C47CFC0456}.Debug|Any CPU.Build.0 = Debug|Any CPU
		{BEE1E169-555F-495F-97BE-40C47CFC0456}.Release|Any CPU.ActiveCfg = Release|Any CPU
		{BEE1E169-555F-495F-97BE-40C47CFC0456}.Release|Any CPU.Build.0 = Release|Any CPU
	EndGlobalSection
	GlobalSection(SolutionProperties) = preSolution
		HideSolutionNode = FALSE
	EndGlobalSection
	GlobalSection(ExtensibilityGlobals) = postSolution
		SolutionGuid = {F7EC028B-89ED-4496-AF21-EAD3DAD32FEA}
	EndGlobalSection
EndGlobal
